{
  "name": "pine-of-glass",
  "version": "0.5.7",
  "lockfileVersion": 3,
  "requires": true,
  "packages": {
    "": {
      "name": "pine-of-glass",
      "version": "0.5.7",
      "license": "MIT",
      "bin": {
        "pi-contextimate-check-provider-tokens": "scripts/contextimate/check-provider-tokens.mjs",
        "pi-contextimate-evaluate-transcripts": "scripts/contextimate/evaluate-transcripts.mjs",
        "pi-contextimate-probe-prefix": "scripts/contextimate/probe-live-prefix.mjs"
      },
      "peerDependencies": {
        "@earendil-works/pi-coding-agent": "*",
        "@earendil-works/pi-tui": "*"
      },
      "peerDependenciesMeta": {
        "@earendil-works/pi-coding-agent": {
          "optional": true
        },
        "@earendil-works/pi-tui": {
          "optional": true
        }
      }
    }
  }
}
